
Microsoft Visual Studio Solution File, Format Version 12.00
# Visual Studio Version 16
VisualStudioVersion = 16.0.31729.503
MinimumVisualStudioVersion = 10.0.40219.1
Project("{FAE04EC0-301F-11D3-BF4B-00C04F79EFBC}") = "NlogApp", "NlogApp\NlogApp.csproj", "{66BD5670-475E-4A25-BA15-0F910E7C420D}"
EndProject
Global
	GlobalSection(SolutionConfigurationPlatforms) = preSolution
		Debug|Any CPU = Debug|Any CPU
		Release|Any CPU = Release|Any CPU
	EndGlobalSection
	GlobalSection(ProjectConfigurationPlatforms) = postSolution
		{66BD5670-475E-4A25-BA15-0F910E7C420D}.Debug|Any CPU.ActiveCfg = Debug|Any CPU
		{66BD5670-475E-4A25-BA15-0F910E7C420D}.Debug|Any CPU.Build.0 = Debug|Any CPU
		{66BD5670-475E-4A25-BA15-0F910E7C420D}.Release|Any CPU.ActiveCfg = Release|Any CPU
		{66BD5670-475E-4A25-BA15-0F910E7C420D}.Release|Any CPU.Build.0 = Release|Any CPU
	EndGlobalSection
	GlobalSection(SolutionProperties) = preSolution
		HideSolutionNode = FALSE
	EndGlobalSection
	GlobalSection(ExtensibilityGlobals) = postSolution
		SolutionGuid = {CED93C9B-57CB-4F15-8407-1B8C9009B661}
	EndGlobalSection
EndGlobal
